
Microsoft Visual Studio Solution File, Format Version 12.00
# Visual Studio Version 17
VisualStudioVersion = 17.8.34316.72
MinimumVisualStudioVersion = 10.0.40219.1
Project("{FAE04EC0-301F-11D3-BF4B-00C04F79EFBC}") = "Mamalibu Motsau C# Summative Assessment", "Mamalibu Motsau C# Summative Assessment.csproj", "{B36F1B05-BAEE-403D-A025-BBF5F19F487F}"
EndProject
Global
	GlobalSection(SolutionConfigurationPlatforms) = preSolution
		Debug|Any CPU = Debug|Any CPU
		Release|Any CPU = Release|Any CPU
	EndGlobalSection
	GlobalSection(ProjectConfigurationPlatforms) = postSolution
		{B36F1B05-BAEE-403D-A025-BBF5F19F487F}.Debug|Any CPU.ActiveCfg = Debug|Any CPU
		{B36F1B05-BAEE-403D-A025-BBF5F19F487F}.Debug|Any CPU.Build.0 = Debug|Any CPU
		{B36F1B05-BAEE-403D-A025-BBF5F19F487F}.Release|Any CPU.ActiveCfg = Release|Any CPU
		{B36F1B05-BAEE-403D-A025-BBF5F19F487F}.Release|Any CPU.Build.0 = Release|Any CPU
	EndGlobalSection
	GlobalSection(SolutionProperties) = preSolution
		HideSolutionNode = FALSE
	EndGlobalSection
	GlobalSection(ExtensibilityGlobals) = postSolution
		SolutionGuid = {BEE2B410-29D9-438C-B31D-CFCBD87862CF}
	EndGlobalSection
EndGlobal
